
Microsoft Visual Studio Solution File, Format Version 12.00
# Visual Studio Version 17
VisualStudioVersion = 17.7.34221.43
MinimumVisualStudioVersion = 10.0.40219.1
Project("{FAE04EC0-301F-11D3-BF4B-00C04F79EFBC}") = "TriangleMesh", "TriangleMesh\TriangleMesh.csproj", "{3DDC01DC-4B7F-4BD0-BE57-E085C777082D}"
EndProject
Global
	GlobalSection(SolutionConfigurationPlatforms) = preSolution
		Debug|Any CPU = Debug|Any CPU
		Release|Any CPU = Release|Any CPU
	EndGlobalSection
	GlobalSection(ProjectConfigurationPlatforms) = postSolution
		{3DDC01DC-4B7F-4BD0-BE57-E085C777082D}.Debug|Any CPU.ActiveCfg = Debug|Any CPU
		{3DDC01DC-4B7F-4BD0-BE57-E085C777082D}.Debug|Any CPU.Build.0 = Debug|Any CPU
		{3DDC01DC-4B7F-4BD0-BE57-E085C777082D}.Release|Any CPU.ActiveCfg = Release|Any CPU
		{3DDC01DC-4B7F-4BD0-BE57-E085C777082D}.Release|Any CPU.Build.0 = Release|Any CPU
	EndGlobalSection
	GlobalSection(SolutionProperties) = preSolution
		HideSolutionNode = FALSE
	EndGlobalSection
	GlobalSection(ExtensibilityGlobals) = postSolution
		SolutionGuid = {8FF7E5AA-016B-4A74-92A2-D374B023E6A4}
	EndGlobalSection
EndGlobal
